
Microsoft Visual Studio Solution File, Format Version 12.00
# Visual Studio Version 17
VisualStudioVersion = 17.12.35707.178
MinimumVisualStudioVersion = 10.0.40219.1
Project("{FAE04EC0-301F-11D3-BF4B-00C04F79EFBC}") = "MacroScanAI", "MacroScanAI\MacroScanAI.csproj", "{B6D211A6-3EB9-4117-B2FF-07C29BA54758}"
EndProject
Project("{FAE04EC0-301F-11D3-BF4B-00C04F79EFBC}") = "MacroScanAI.Cli", "MacroScanAI.Cli\MacroScanAI.Cli.csproj", "{AB40D0AE-E758-40CE-828B-CE6F09C228D1}"
EndProject
Global
	GlobalSection(SolutionConfigurationPlatforms) = preSolution
		Debug|Any CPU = Debug|Any CPU
		Release|Any CPU = Release|Any CPU
	EndGlobalSection
	GlobalSection(ProjectConfigurationPlatforms) = postSolution
		{B6D211A6-3EB9-4117-B2FF-07C29BA54758}.Debug|Any CPU.ActiveCfg = Debug|Any CPU
		{B6D211A6-3EB9-4117-B2FF-07C29BA54758}.Debug|Any CPU.Build.0 = Debug|Any CPU
		{B6D211A6-3EB9-4117-B2FF-07C29BA54758}.Release|Any CPU.ActiveCfg = Release|Any CPU
		{B6D211A6-3EB9-4117-B2FF-07C29BA54758}.Release|Any CPU.Build.0 = Release|Any CPU
		{AB40D0AE-E758-40CE-828B-CE6F09C228D1}.Debug|Any CPU.ActiveCfg = Debug|Any CPU
		{AB40D0AE-E758-40CE-828B-CE6F09C228D1}.Debug|Any CPU.Build.0 = Debug|Any CPU
		{AB40D0AE-E758-40CE-828B-CE6F09C228D1}.Release|Any CPU.ActiveCfg = Release|Any CPU
		{AB40D0AE-E758-40CE-828B-CE6F09C228D1}.Release|Any CPU.Build.0 = Release|Any CPU
	EndGlobalSection
	GlobalSection(SolutionProperties) = preSolution
		HideSolutionNode = FALSE
	EndGlobalSection
	GlobalSection(ExtensibilityGlobals) = postSolution
		SolutionGuid = {10F95F01-21C0-45EC-AB78-E99B66125869}
	EndGlobalSection
EndGlobal
